
Microsoft Visual Studio Solution File, Format Version 12.00
# Visual Studio Version 17
VisualStudioVersion = 17.2.32616.157
MinimumVisualStudioVersion = 10.0.40219.1
Project("{FAE04EC0-301F-11D3-BF4B-00C04F79EFBC}") = "Coordinate System", "Coordinate System\Coordinate System.csproj", "{07235D41-87D9-472E-A5FC-35FA44243555}"
EndProject
Global
	GlobalSection(SolutionConfigurationPlatforms) = preSolution
		Debug|Any CPU = Debug|Any CPU
		Release|Any CPU = Release|Any CPU
	EndGlobalSection
	GlobalSection(ProjectConfigurationPlatforms) = postSolution
		{07235D41-87D9-472E-A5FC-35FA44243555}.Debug|Any CPU.ActiveCfg = Debug|Any CPU
		{07235D41-87D9-472E-A5FC-35FA44243555}.Debug|Any CPU.Build.0 = Debug|Any CPU
		{07235D41-87D9-472E-A5FC-35FA44243555}.Release|Any CPU.ActiveCfg = Release|Any CPU
		{07235D41-87D9-472E-A5FC-35FA44243555}.Release|Any CPU.Build.0 = Release|Any CPU
	EndGlobalSection
	GlobalSection(SolutionProperties) = preSolution
		HideSolutionNode = FALSE
	EndGlobalSection
	GlobalSection(ExtensibilityGlobals) = postSolution
		SolutionGuid = {D03415C4-B375-4606-9083-7695498D0155}
	EndGlobalSection
EndGlobal
